// !$*UTF8*$!
{
	archiveVersion = 1;
	classes = {
	};
	objectVersion = 55;
	objects = {

/* Begin PBXBuildFile section */
		0B6CFD4F27C0F34300674A57 /* AppDelegate.swift in Sources */ = {isa = PBXBuildFile; fileRef = 0B6CFD4E27C0F34300674A57 /* AppDelegate.swift */; };
		0B6CFD5127C0F34300674A57 /* SceneDelegate.swift in Sources */ = {isa = PBXBuildFile; fileRef = 0B6CFD5027C0F34300674A57 /* SceneDelegate.swift */; };
		0B6CFD5827C0F34500674A57 /* Assets.xcassets in Resources */ = {isa = PBXBuildFile; fileRef = 0B6CFD5727C0F34500674A57 /* Assets.xcassets */; };
		0B6CFD5B27C0F34500674A57 /* LaunchScreen.storyboard in Resources */ = {isa = PBXBuildFile; fileRef = 0B6CFD5927C0F34500674A57 /* LaunchScreen.storyboard */; };
		0B6CFD6327C0F35C00674A57 /* ContentView.swift in Sources */ = {isa = PBXBuildFile; fileRef = 0B6CFD6227C0F35C00674A57 /* ContentView.swift */; };
		0B6CFD6527C0F36600674A57 /* UIOnboardingHelper.swift in Sources */ = {isa = PBXBuildFile; fileRef = 0B6CFD6427C0F36600674A57 /* UIOnboardingHelper.swift */; };
		0B6CFD6827C0F37A00674A57 /* UIOnboarding in Frameworks */ = {isa = PBXBuildFile; productRef = 0B6CFD6727C0F37A00674A57 /* UIOnboarding */; };
		0B6CFD6A27C10BA900674A57 /* OnboardingView.swift in Sources */ = {isa = PBXBuildFile; fileRef = 0B6CFD6927C10BA900674A57 /* OnboardingView.swift */; };
/* End PBXBuildFile section */

/* Begin PBXFileReference section */
		0B6CFD4B27C0F34300674A57 /* UIOnboarding SwiftUI.app */ = {isa = PBXFileReference; explicitFileType = wrapper.application; includeInIndex = 0; path = "UIOnboarding SwiftUI.app"; sourceTree = BUILT_PRODUCTS_DIR; };
		0B6CFD4E27C0F34300674A57 /* AppDelegate.swift */ = {isa = PBXFileReference; lastKnownFileType = sourcecode.swift; path = AppDelegate.swift; sourceTree = "<group>"; };
		0B6CFD5027C0F34300674A57 /* SceneDelegate.swift */ = {isa = PBXFileReference; lastKnownFileType = sourcecode.swift; path = SceneDelegate.swift; sourceTree = "<group>"; };
		0B6CFD5727C0F34500674A57 /* Assets.xcassets */ = {isa = PBXFileReference; lastKnownFileType = folder.assetcatalog; path = Assets.xcassets; sourceTree = "<group>"; };
		0B6CFD5A27C0F34500674A57 /* Base */ = {isa = PBXFileReference; lastKnownFileType = file.storyboard; name = Base; path = Base.lproj/LaunchScreen.storyboard; sourceTree = "<group>"; };
		0B6CFD5C27C0F34500674A57 /* Info.plist */ = {isa = PBXFileReference; lastKnownFileType = text.plist.xml; path = Info.plist; sourceTree = "<group>"; };
		0B6CFD6227C0F35C00674A57 /* ContentView.swift */ = {isa = PBXFileReference; lastKnownFileType = sourcecode.swift; path = ContentView.swift; sourceTree = "<group>"; };
		0B6CFD6427C0F36600674A57 /* UIOnboardingHelper.swift */ = {isa = PBXFileReference; lastKnownFileType = sourcecode.swift; path = UIOnboardingHelper.swift; sourceTree = "<group>"; };
		0B6CFD6927C10BA900674A57 /* OnboardingView.swift */ = {isa = PBXFileReference; lastKnownFileType = sourcecode.swift; path = OnboardingView.swift; sourceTree = "<group>"; };
/* End PBXFileReference section */

/* Begin PBXFrameworksBuildPhase section */
		0B6CFD4827C0F34300674A57 /* Frameworks */ = {
			isa = PBXFrameworksBuildPhase;
			buildActionMask = 2147483647;
			files = (
				0B6CFD6827C0F37A00674A57 /* UIOnboarding in Frameworks */,
			);
			runOnlyForDeploymentPostprocessing = 0;
		};
/* End PBXFrameworksBuildPhase section */

/* Begin PBXGroup section */
		0B6CFD4227C0F34300674A57 = {
			isa = PBXGroup;
			children = (
				0B6CFD4D27C0F34300674A57 /* UIOnboarding SwiftUI */,
				0B6CFD4C27C0F34300674A57 /* Products */,
			);
			sourceTree = "<group>";
		};
		0B6CFD4C27C0F34300674A57 /* Products */ = {
			isa = PBXGroup;
			children = (
				0B6CFD4B27C0F34300674A57 /* UIOnboarding SwiftUI.app */,
			);
			name = Products;
			sourceTree = "<group>";
		};
		0B6CFD4D27C0F34300674A57 /* UIOnboarding SwiftUI */ = {
			isa = PBXGroup;
			children = (
				0B6CFD4E27C0F34300674A57 /* AppDelegate.swift */,
				0B6CFD5027C0F34300674A57 /* SceneDelegate.swift */,
				0B6CFD6227C0F35C00674A57 /* ContentView.swift */,
				0B6CFD6927C10BA900674A57 /* OnboardingView.swift */,
				0B6CFD6427C0F36600674A57 /* UIOnboardingHelper.swift */,
				0B6CFD5727C0F34500674A57 /* Assets.xcassets */,
				0B6CFD5927C0F34500674A57 /* LaunchScreen.storyboard */,
				0B6CFD5C27C0F34500674A57 /* Info.plist */,
			);
			path = "UIOnboarding SwiftUI";
			sourceTree = "<group>";
		};
/* End PBXGroup section */

/* Begin PBXNativeTarget section */
		0B6CFD4A27C0F34300674A57 /* UIOnboarding SwiftUI */ = {
			isa = PBXNativeTarget;
			buildConfigurationList = 0B6CFD5F27C0F34500674A57 /* Build configuration list for PBXNativeTarget "UIOnboarding SwiftUI" */;
			buildPhases = (
				0B6CFD4727C0F34300674A57 /* Sources */,
				0B6CFD4827C0F34300674A57 /* Frameworks */,
				0B6CFD4927C0F34300674A57 /* Resources */,
			);
			buildRules = (
			);
			dependencies = (
			);
			name = "UIOnboarding SwiftUI";
			packageProductDependencies = (
				0B6CFD6727C0F37A00674A57 /* UIOnboarding */,
			);
			productName = "UIOnboarding SwiftUI";
			productReference = 0B6CFD4B27C0F34300674A57 /* UIOnboarding SwiftUI.app */;
			productType = "com.apple.product-type.application";
		};
/* End PBXNativeTarget section */

/* Begin PBXProject section */
		0B6CFD4327C0F34300674A57 /* Project object */ = {
			isa = PBXProject;
			attributes = {
				BuildIndependentTargetsInParallel = 1;
				LastSwiftUpdateCheck = 1320;
				LastUpgradeCheck = 1320;
				TargetAttributes = {
					0B6CFD4A27C0F34300674A57 = {
						CreatedOnToolsVersion = 13.2.1;
					};
				};
			};
			buildConfigurationList = 0B6CFD4627C0F34300674A57 /* Build configuration list for PBXProject "UIOnboarding SwiftUI" */;
			compatibilityVersion = "Xcode 13.0";
			developmentRegion = en;
			hasScannedForEncodings = 0;
			knownRegions = (
				en,
				Base,
			);
			mainGroup = 0B6CFD4227C0F34300674A57;
			packageReferences = (
				0B6CFD6627C0F37A00674A57 /* XCRemoteSwiftPackageReference "UIOnboarding" */,
			);
			productRefGroup = 0B6CFD4C27C0F34300674A57 /* Products */;
			projectDirPath = "";
			projectRoot = "";
			targets = (
				0B6CFD4A27C0F34300674A57 /* UIOnboarding SwiftUI */,
			);
		};
/* End PBXProject section */

/* Begin PBXResourcesBuildPhase section */
		0B6CFD4927C0F34300674A57 /* Resources */ = {
			isa = PBXResourcesBuildPhase;
			buildActionMask = 2147483647;
			files = (
				0B6CFD5B27C0F34500674A57 /* LaunchScreen.storyboard in Resources */,
				0B6CFD5827C0F34500674A57 /* Assets.xcassets in Resources */,
			);
			runOnlyForDeploymentPostprocessing = 0;
		};
/* End PBXResourcesBuildPhase section */

/* Begin PBXSourcesBuildPhase section */
		0B6CFD4727C0F34300674A57 /* Sources */ = {
			isa = PBXSourcesBuildPhase;
			buildActionMask = 2147483647;
			files = (
				0B6CFD6527C0F36600674A57 /* UIOnboardingHelper.swift in Sources */,
				0B6CFD4F27C0F34300674A57 /* AppDelegate.swift in Sources */,
				0B6CFD5127C0F34300674A57 /* SceneDelegate.swift in Sources */,
				0B6CFD6A27C10BA900674A57 /* OnboardingView.swift in Sources */,
				0B6CFD6327C0F35C00674A57 /* ContentView.swift in Sources */,
			);
			runOnlyForDeploymentPostprocessing = 0;
		};
/* End PBXSourcesBuildPhase section */

/* Begin PBXVariantGroup section */
		0B6CFD5927C0F34500674A57 /* LaunchScreen.storyboard */ = {
			isa = PBXVariantGroup;
			children = (
				0B6CFD5A27C0F34500674A57 /* Base */,
			);
			name = LaunchScreen.storyboard;
			sourceTree = "<group>";
		};
/* End PBXVariantGroup section */

/* Begin XCBuildConfiguration section */
		0B6CFD5D27C0F34500674A57 /* Debug */ = {
			isa = XCBuildConfiguration;
			buildSettings = {
				ALWAYS_SEARCH_USER_PATHS = NO;
				CLANG_ANALYZER_NONNULL = YES;
				CLANG_ANALYZER_NUMBER_OBJECT_CONVERSION = YES_AGGRESSIVE;
				CLANG_CXX_LANGUAGE_STANDARD = "gnu++17";
				CLANG_CXX_LIBRARY = "libc++";
				CLANG_ENABLE_MODULES = YES;
				CLANG_ENABLE_OBJC_ARC = YES;
				CLANG_ENABLE_OBJC_WEAK = YES;
				CLANG_WARN_BLOCK_CAPTURE_AUTORELEASING = YES;
				CLANG_WARN_BOOL_CONVERSION = YES;
				CLANG_WARN_COMMA = YES;
				CLANG_WARN_CONSTANT_CONVERSION = YES;
				CLANG_WARN_DEPRECATED_OBJC_IMPLEMENTATIONS = YES;
				CLANG_WARN_DIRECT_OBJC_ISA_USAGE = YES_ERROR;
				CLANG_WARN_DOCUMENTATION_COMMENTS = YES;
				CLANG_WARN_EMPTY_BODY = YES;
				CLANG_WARN_ENUM_CONVERSION = YES;
				CLANG_WARN_INFINITE_RECURSION = YES;
				CLANG_WARN_INT_CONVERSION = YES;
				CLANG_WARN_NON_LITERAL_NULL_CONVERSION = YES;
				CLANG_WARN_OBJC_IMPLICIT_RETAIN_SELF = YES;
				CLANG_WARN_OBJC_LITERAL_CONVERSION = YES;
				CLANG_WARN_OBJC_ROOT_CLASS = YES_ERROR;
				CLANG_WARN_QUOTED_INCLUDE_IN_FRAMEWORK_HEADER = YES;
				CLANG_WARN_RANGE_LOOP_ANALYSIS = YES;
				CLANG_WARN_STRICT_PROTOTYPES = YES;
				CLANG_WARN_SUSPICIOUS_MOVE = YES;
				CLANG_WARN_UNGUARDED_AVAILABILITY = YES_AGGRESSIVE;
				CLANG_WARN_UNREACHABLE_CODE = YES;
				CLANG_WARN__DUPLICATE_METHOD_MATCH = YES;
				COPY_PHASE_STRIP = NO;
				DEBUG_INFORMATION_FORMAT = dwarf;
				ENABLE_STRICT_OBJC_MSGSEND = YES;
				ENABLE_TESTABILITY = YES;
				GCC_C_LANGUAGE_STANDARD = gnu11;
				GCC_DYNAMIC_NO_PIC = NO;
				GCC_NO_COMMON_BLOCKS = YES;
				GCC_OPTIMIZATION_LEVEL = 0;
				GCC_PREPROCESSOR_DEFINITIONS = (
					"DEBUG=1",
					"$(inherited)",
				);
				GCC_WARN_64_TO_32_BIT_CONVERSION = YES;
				GCC_WARN_ABOUT_RETURN_TYPE = YES_ERROR;
				GCC_WARN_UNDECLARED_SELECTOR = YES;
				GCC_WARN_UNINITIALIZED_AUTOS = YES_AGGRESSIVE;
				GCC_WARN_UNUSED_FUNCTION = YES;
				GCC_WARN_UNUSED_VARIABLE = YES;
				IPHONEOS_DEPLOYMENT_TARGET = 14.0;
				MTL_ENABLE_DEBUG_INFO = INCLUDE_SOURCE;
				MTL_FAST_MATH = YES;
				ONLY_ACTIVE_ARCH = YES;
				SDKROOT = iphoneos;
				SWIFT_ACTIVE_COMPILATION_CONDITIONS = DEBUG;
				SWIFT_OPTIMIZATION_LEVEL = "-Onone";
			};
			name = Debug;
		};
		0B6CFD5E27C0F34500674A57 /* Release */ = {
			isa = XCBuildConfiguration;
			buildSettings = {
				ALWAYS_SEARCH_USER_PATHS = NO;
				CLANG_ANALYZER_NONNULL = YES;
				CLANG_ANALYZER_NUMBER_OBJECT_CONVERSION = YES_AGGRESSIVE;
				CLANG_CXX_LANGUAGE_STANDARD = "gnu++17";
				CLANG_CXX_LIBRARY = "libc++";
				CLANG_ENABLE_MODULES = YES;
				CLANG_ENABLE_OBJC_ARC = YES;
				CLANG_ENABLE_OBJC_WEAK = YES;
				CLANG_WARN_BLOCK_CAPTURE_AUTORELEASING = YES;
				CLANG_WARN_BOOL_CONVERSION = YES;
				CLANG_WARN_COMMA = YES;
				CLANG_WARN_CONSTANT_CONVERSION = YES;
				CLANG_WARN_DEPRECATED_OBJC_IMPLEMENTATIONS = YES;
				CLANG_WARN_DIRECT_OBJC_ISA_USAGE = YES_ERROR;
				CLANG_WARN_DOCUMENTATION_COMMENTS = YES;
				CLANG_WARN_EMPTY_BODY = YES;
				CLANG_WARN_ENUM_CONVERSION = YES;
				CLANG_WARN_INFINITE_RECURSION = YES;
				CLANG_WARN_INT_CONVERSION = YES;
				CLANG_WARN_NON_LITERAL_NULL_CONVERSION = YES;
				CLANG_WARN_OBJC_IMPLICIT_RETAIN_SELF = YES;
				CLANG_WARN_OBJC_LITERAL_CONVERSION = YES;
				CLANG_WARN_OBJC_ROOT_CLASS = YES_ERROR;
				CLANG_WARN_QUOTED_INCLUDE_IN_FRAMEWORK_HEADER = YES;
				CLANG_WARN_RANGE_LOOP_ANALYSIS = YES;
				CLANG_WARN_STRICT_PROTOTYPES = YES;
				CLANG_WARN_SUSPICIOUS_MOVE = YES;
				CLANG_WARN_UNGUARDED_AVAILABILITY = YES_AGGRESSIVE;
				CLANG_WARN_UNREACHABLE_CODE = YES;
				CLANG_WARN__DUPLICATE_METHOD_MATCH = YES;
				COPY_PHASE_STRIP = NO;
				DEBUG_INFORMATION_FORMAT = "dwarf-with-dsym";
				ENABLE_NS_ASSERTIONS = NO;
				ENABLE_STRICT_OBJC_MSGSEND = YES;
				GCC_C_LANGUAGE_STANDARD = gnu11;
				GCC_NO_COMMON_BLOCKS = YES;
				GCC_WARN_64_TO_32_BIT_CONVERSION = YES;
				GCC_WARN_ABOUT_RETURN_TYPE = YES_ERROR;
				GCC_WARN_UNDECLARED_SELECTOR = YES;
				GCC_WARN_UNINITIALIZED_AUTOS = YES_AGGRESSIVE;
				GCC_WARN_UNUSED_FUNCTION = YES;
				GCC_WARN_UNUSED_VARIABLE = YES;
				IPHONEOS_DEPLOYMENT_TARGET = 14.0;
				MTL_ENABLE_DEBUG_INFO = NO;
				MTL_FAST_MATH = YES;
				SDKROOT = iphoneos;
				SWIFT_COMPILATION_MODE = wholemodule;
				SWIFT_OPTIMIZATION_LEVEL = "-O";
				VALIDATE_PRODUCT = YES;
			};
			name = Release;
		};
		0B6CFD6027C0F34500674A57 /* Debug */ = {
			isa = XCBuildConfiguration;
			buildSettings = {
				ASSETCATALOG_COMPILER_APPICON_NAME = AppIcon;
				ASSETCATALOG_COMPILER_GLOBAL_ACCENT_COLOR_NAME = AccentColor;
				CODE_SIGN_STYLE = Automatic;
				CURRENT_PROJECT_VERSION = 1;
				DEVELOPMENT_TEAM = 7345F4H64F;
				GENERATE_INFOPLIST_FILE = YES;
				INFOPLIST_FILE = "UIOnboarding SwiftUI/Info.plist";
				INFOPLIST_KEY_CFBundleDisplayName = Insignia;
				INFOPLIST_KEY_UIApplicationSupportsIndirectInputEvents = YES;
				INFOPLIST_KEY_UILaunchStoryboardName = LaunchScreen;
				INFOPLIST_KEY_UISupportedInterfaceOrientations = UIInterfaceOrientationPortrait;
				INFOPLIST_KEY_UISupportedInterfaceOrientations_iPad = "UIInterfaceOrientationPortrait UIInterfaceOrientationPortraitUpsideDown UIInterfaceOrientationLandscapeLeft UIInterfaceOrientationLandscapeRight";
				INFOPLIST_KEY_UISupportedInterfaceOrientations_iPhone = UIInterfaceOrientationPortrait;
				IPHONEOS_DEPLOYMENT_TARGET = 14.0;
				LD_RUNPATH_SEARCH_PATHS = (
					"$(inherited)",
					"@executable_path/Frameworks",
				);
				MARKETING_VERSION = 1.0;
				PRODUCT_BUNDLE_IDENTIFIER = "ch.lukmanascic.UIOnboarding-SwiftUI";
				PRODUCT_NAME = "$(TARGET_NAME)";
				SWIFT_EMIT_LOC_STRINGS = YES;
				SWIFT_VERSION = 5.0;
				TARGETED_DEVICE_FAMILY = 1;
			};
			name = Debug;
		};
		0B6CFD6127C0F34500674A57 /* Release */ = {
			isa = XCBuildConfiguration;
			buildSettings = {
				ASSETCATALOG_COMPILER_APPICON_NAME = AppIcon;
				ASSETCATALOG_COMPILER_GLOBAL_ACCENT_COLOR_NAME = AccentColor;
				CODE_SIGN_STYLE = Automatic;
				CURRENT_PROJECT_VERSION = 1;
				DEVELOPMENT_TEAM = 7345F4H64F;
				GENERATE_INFOPLIST_FILE = YES;
				INFOPLIST_FILE = "UIOnboarding SwiftUI/Info.plist";
				INFOPLIST_KEY_CFBundleDisplayName = Insignia;
				INFOPLIST_KEY_UIApplicationSupportsIndirectInputEvents = YES;
				INFOPLIST_KEY_UILaunchStoryboardName = LaunchScreen;
				INFOPLIST_KEY_UISupportedInterfaceOrientations = UIInterfaceOrientationPortrait;
				INFOPLIST_KEY_UISupportedInterfaceOrientations_iPad = "UIInterfaceOrientationPortrait UIInterfaceOrientationPortraitUpsideDown UIInterfaceOrientationLandscapeLeft UIInterfaceOrientationLandscapeRight";
				INFOPLIST_KEY_UISupportedInterfaceOrientations_iPhone = UIInterfaceOrientationPortrait;
				IPHONEOS_DEPLOYMENT_TARGET = 14.0;
				LD_RUNPATH_SEARCH_PATHS = (
					"$(inherited)",
					"@executable_path/Frameworks",
				);
				MARKETING_VERSION = 1.0;
				PRODUCT_BUNDLE_IDENTIFIER = "ch.lukmanascic.UIOnboarding-SwiftUI";
				PRODUCT_NAME = "$(TARGET_NAME)";
				SWIFT_EMIT_LOC_STRINGS = YES;
				SWIFT_VERSION = 5.0;
				TARGETED_DEVICE_FAMILY = 1;
			};
			name = Release;
		};
/* End XCBuildConfiguration section */

/* Begin XCConfigurationList section */
		0B6CFD4627C0F34300674A57 /* Build configuration list for PBXProject "UIOnboarding SwiftUI" */ = {
			isa = XCConfigurationList;
			buildConfigurations = (
				0B6CFD5D27C0F34500674A57 /* Debug */,
				0B6CFD5E27C0F34500674A57 /* Release */,
			);
			defaultConfigurationIsVisible = 0;
			defaultConfigurationName = Release;
		};
		0B6CFD5F27C0F34500674A57 /* Build configuration list for PBXNativeTarget "UIOnboarding SwiftUI" */ = {
			isa = XCConfigurationList;
			buildConfigurations = (
				0B6CFD6027C0F34500674A57 /* Debug */,
				0B6CFD6127C0F34500674A57 /* Release */,
			);
			defaultConfigurationIsVisible = 0;
			defaultConfigurationName = Release;
		};
/* End XCConfigurationList section */

/* Begin XCRemoteSwiftPackageReference section */
		0B6CFD6627C0F37A00674A57 /* XCRemoteSwiftPackageReference "UIOnboarding" */ = {
			isa = XCRemoteSwiftPackageReference;
			repositoryURL = "https://github.com/lascic/UIOnboarding.git";
			requirement = {
				branch = main;
				kind = branch;
			};
		};
/* End XCRemoteSwiftPackageReference section */

/* Begin XCSwiftPackageProductDependency section */
		0B6CFD6727C0F37A00674A57 /* UIOnboarding */ = {
			isa = XCSwiftPackageProductDependency;
			package = 0B6CFD6627C0F37A00674A57 /* XCRemoteSwiftPackageReference "UIOnboarding" */;
			productName = UIOnboarding;
		};
/* End XCSwiftPackageProductDependency section */
	};
	rootObject = 0B6CFD4327C0F34300674A57 /* Project object */;
}
