{
  "pins" : [
    {
      "identity" : "uionboarding",
      "kind" : "remoteSourceControl",
      "location" : "https://github.com/lascic/UIOnboarding.git",
      "state" : {
        "branch" : "main",
        "revision" : "1dfd7a7aae9caf5b6a020cd62440b37ca1e023f4"
      }
    }
  ],
  "version" : 2
}
