{
  "object": {
    "pins": [
      {
        "package": "UIOnboarding",
        "repositoryURL": "https://github.com/lascic/UIOnboarding.git",
        "state": {
          "branch": "main",
          "revision": "08eac8495e18ddecf6ad8cd4716aaf9f08503918",
          "version": null
        }
      }
    ]
  },
  "version": 1
}
