{
  "pins" : [
    {
      "identity" : "uionboarding",
      "kind" : "remoteSourceControl",
      "location" : "https://github.com/lascic/UIOnboarding.git",
      "state" : {
        "branch" : "main",
        "revision" : "84ac395bc58893ca524fa11265482e71768142f6"
      }
    }
  ],
  "version" : 2
}
