{
  "pins" : [
    {
      "identity" : "uionboarding",
      "kind" : "remoteSourceControl",
      "location" : "https://github.com/lascic/UIOnboarding.git",
      "state" : {
        "branch" : "main",
        "revision" : "de7d408b49fe5992303a20f070c9ea3d405eeee5"
      }
    }
  ],
  "version" : 2
}
