{
  "pins" : [
    {
      "identity" : "uionboarding",
      "kind" : "remoteSourceControl",
      "location" : "https://github.com/lascic/UIOnboarding.git",
      "state" : {
        "branch" : "main",
        "revision" : "f8d0daabe45cba621b652f4d2fb481273949a732"
      }
    }
  ],
  "version" : 2
}
