{
  "object": {
    "pins": [
      {
        "package": "UIOnboarding",
        "repositoryURL": "https://github.com/lascic/UIOnboarding.git",
        "state": {
          "branch": "main",
          "revision": "aed1825c192f14fa685532e5ced06345b1b911b6",
          "version": null
        }
      }
    ]
  },
  "version": 1
}
